
Microsoft Visual Studio Solution File, Format Version 12.00
# Visual Studio Version 16
VisualStudioVersion = 16.0.30711.63
MinimumVisualStudioVersion = 10.0.40219.1
Project("{FAE04EC0-301F-11D3-BF4B-00C04F79EFBC}") = "CollectionDemo", "CollectionDemo\CollectionDemo.csproj", "{3B8B8F46-80BE-44B8-A8BC-D60891ACC881}"
EndProject
Global
	GlobalSection(SolutionConfigurationPlatforms) = preSolution
		Debug|Any CPU = Debug|Any CPU
		Release|Any CPU = Release|Any CPU
	EndGlobalSection
	GlobalSection(ProjectConfigurationPlatforms) = postSolution
		{3B8B8F46-80BE-44B8-A8BC-D60891ACC881}.Debug|Any CPU.ActiveCfg = Debug|Any CPU
		{3B8B8F46-80BE-44B8-A8BC-D60891ACC881}.Debug|Any CPU.Build.0 = Debug|Any CPU
		{3B8B8F46-80BE-44B8-A8BC-D60891ACC881}.Release|Any CPU.ActiveCfg = Release|Any CPU
		{3B8B8F46-80BE-44B8-A8BC-D60891ACC881}.Release|Any CPU.Build.0 = Release|Any CPU
	EndGlobalSection
	GlobalSection(SolutionProperties) = preSolution
		HideSolutionNode = FALSE
	EndGlobalSection
	GlobalSection(ExtensibilityGlobals) = postSolution
		SolutionGuid = {B96ABCFC-DA42-4C72-91F2-FF16B5564AC6}
	EndGlobalSection
EndGlobal
